
Microsoft Visual Studio Solution File, Format Version 12.00
# Visual Studio Version 17
VisualStudioVersion = 17.5.002.0
MinimumVisualStudioVersion = 10.0.40219.1
Project("{9A19103F-16F7-4668-BE54-9A1E7A4F7556}") = "SentinelHub", "src\SentinelHub\SentinelHub.csproj", "{C18B3F83-5CC8-411D-B660-522CC95BEA8B}"
EndProject
Project("{FAE04EC0-301F-11D3-BF4B-00C04F79EFBC}") = "SentinelHub.Tests", "src\SentinelHub.Tests\SentinelHub.Tests.csproj", "{BF99A086-AE0D-4DAB-B745-E8398DB75A4E}"
EndProject
Project("{FAE04EC0-301F-11D3-BF4B-00C04F79EFBC}") = "SentinelHub.ExampleClient", "src\SentinelHub.ExampleClient\SentinelHub.ExampleClient.csproj", "{9970E50C-884B-406E-BF3E-3F113836D06C}"
EndProject
Global
	GlobalSection(SolutionConfigurationPlatforms) = preSolution
		Debug|Any CPU = Debug|Any CPU
		Release|Any CPU = Release|Any CPU
	EndGlobalSection
	GlobalSection(ProjectConfigurationPlatforms) = postSolution
		{C18B3F83-5CC8-411D-B660-522CC95BEA8B}.Debug|Any CPU.ActiveCfg = Debug|Any CPU
		{C18B3F83-5CC8-411D-B660-522CC95BEA8B}.Debug|Any CPU.Build.0 = Debug|Any CPU
		{C18B3F83-5CC8-411D-B660-522CC95BEA8B}.Release|Any CPU.ActiveCfg = Release|Any CPU
		{C18B3F83-5CC8-411D-B660-522CC95BEA8B}.Release|Any CPU.Build.0 = Release|Any CPU
		{BF99A086-AE0D-4DAB-B745-E8398DB75A4E}.Debug|Any CPU.ActiveCfg = Debug|Any CPU
		{BF99A086-AE0D-4DAB-B745-E8398DB75A4E}.Debug|Any CPU.Build.0 = Debug|Any CPU
		{BF99A086-AE0D-4DAB-B745-E8398DB75A4E}.Release|Any CPU.ActiveCfg = Release|Any CPU
		{BF99A086-AE0D-4DAB-B745-E8398DB75A4E}.Release|Any CPU.Build.0 = Release|Any CPU
		{9970E50C-884B-406E-BF3E-3F113836D06C}.Debug|Any CPU.ActiveCfg = Debug|Any CPU
		{9970E50C-884B-406E-BF3E-3F113836D06C}.Debug|Any CPU.Build.0 = Debug|Any CPU
		{9970E50C-884B-406E-BF3E-3F113836D06C}.Release|Any CPU.ActiveCfg = Release|Any CPU
		{9970E50C-884B-406E-BF3E-3F113836D06C}.Release|Any CPU.Build.0 = Release|Any CPU
	EndGlobalSection
	GlobalSection(SolutionProperties) = preSolution
		HideSolutionNode = FALSE
	EndGlobalSection
	GlobalSection(ExtensibilityGlobals) = postSolution
		SolutionGuid = {25554F0D-2F9A-49D1-B24B-361CECFD49EE}
	EndGlobalSection
EndGlobal
